
Microsoft Visual Studio Solution File, Format Version 12.00
# Visual Studio 2013
VisualStudioVersion = 12.0.40629.0
MinimumVisualStudioVersion = 10.0.40219.1
Project("{FAE04EC0-301F-11D3-BF4B-00C04F79EFBC}") = "TaskManagerTool", "TaskManagerTool\TaskManagerTool.csproj", "{425AA268-3BEB-40F1-96C4-0661AD949DA1}"
EndProject
Project("{FAE04EC0-301F-11D3-BF4B-00C04F79EFBC}") = "ClientTaskManager", "ClientTaskManager\ClientTaskManager.csproj", "{04DA814A-B32D-4290-9AA4-87EFB2B5D687}"
EndProject
Global
	GlobalSection(SolutionConfigurationPlatforms) = preSolution
		Debug|Any CPU = Debug|Any CPU
		Release|Any CPU = Release|Any CPU
	EndGlobalSection
	GlobalSection(ProjectConfigurationPlatforms) = postSolution
		{425AA268-3BEB-40F1-96C4-0661AD949DA1}.Debug|Any CPU.ActiveCfg = Debug|Any CPU
		{425AA268-3BEB-40F1-96C4-0661AD949DA1}.Debug|Any CPU.Build.0 = Debug|Any CPU
		{425AA268-3BEB-40F1-96C4-0661AD949DA1}.Release|Any CPU.ActiveCfg = Release|Any CPU
		{425AA268-3BEB-40F1-96C4-0661AD949DA1}.Release|Any CPU.Build.0 = Release|Any CPU
		{04DA814A-B32D-4290-9AA4-87EFB2B5D687}.Debug|Any CPU.ActiveCfg = Debug|Any CPU
		{04DA814A-B32D-4290-9AA4-87EFB2B5D687}.Debug|Any CPU.Build.0 = Debug|Any CPU
		{04DA814A-B32D-4290-9AA4-87EFB2B5D687}.Release|Any CPU.ActiveCfg = Release|Any CPU
		{04DA814A-B32D-4290-9AA4-87EFB2B5D687}.Release|Any CPU.Build.0 = Release|Any CPU
	EndGlobalSection
	GlobalSection(SolutionProperties) = preSolution
		HideSolutionNode = FALSE
	EndGlobalSection
EndGlobal
